// !$*UTF8*$!
{
	archiveVersion = 1;
	classes = {
	};
	objectVersion = 50;
	objects = {

/* Begin PBXBuildFile section */
		82CCB7F921E790AC00E02D3B /* AppDelegate.swift in Sources */ = {isa = PBXBuildFile; fileRef = 82CCB7F821E790AC00E02D3B /* AppDelegate.swift */; };
		82CCB7FE21E790AD00E02D3B /* Main.storyboard in Resources */ = {isa = PBXBuildFile; fileRef = 82CCB7FC21E790AD00E02D3B /* Main.storyboard */; };
		82CCB80021E790AD00E02D3B /* Assets.xcassets in Resources */ = {isa = PBXBuildFile; fileRef = 82CCB7FF21E790AD00E02D3B /* Assets.xcassets */; };
		82CCB80321E790AD00E02D3B /* LaunchScreen.storyboard in Resources */ = {isa = PBXBuildFile; fileRef = 82CCB80121E790AD00E02D3B /* LaunchScreen.storyboard */; };
		82CCB80B21E790E500E02D3B /* Tabled-Questions.txt in Resources */ = {isa = PBXBuildFile; fileRef = 82CCB80A21E790E500E02D3B /* Tabled-Questions.txt */; };
		82CCB81121E7974C00E02D3B /* ViewController.swift in Sources */ = {isa = PBXBuildFile; fileRef = 82CCB81021E7974C00E02D3B /* ViewController.swift */; };
		82CCB81421E79A1100E02D3B /* Model.swift in Sources */ = {isa = PBXBuildFile; fileRef = 82CCB81321E79A1100E02D3B /* Model.swift */; };
/* End PBXBuildFile section */

/* Begin PBXFileReference section */
		82CCB7F521E790AC00E02D3B /* Tabled.app */ = {isa = PBXFileReference; explicitFileType = wrapper.application; includeInIndex = 0; path = Tabled.app; sourceTree = BUILT_PRODUCTS_DIR; };
		82CCB7F821E790AC00E02D3B /* AppDelegate.swift */ = {isa = PBXFileReference; lastKnownFileType = sourcecode.swift; path = AppDelegate.swift; sourceTree = "<group>"; };
		82CCB7FD21E790AD00E02D3B /* Base */ = {isa = PBXFileReference; lastKnownFileType = file.storyboard; name = Base; path = Base.lproj/Main.storyboard; sourceTree = "<group>"; };
		82CCB7FF21E790AD00E02D3B /* Assets.xcassets */ = {isa = PBXFileReference; lastKnownFileType = folder.assetcatalog; path = Assets.xcassets; sourceTree = "<group>"; };
		82CCB80221E790AD00E02D3B /* Base */ = {isa = PBXFileReference; lastKnownFileType = file.storyboard; name = Base; path = Base.lproj/LaunchScreen.storyboard; sourceTree = "<group>"; };
		82CCB80421E790AD00E02D3B /* Info.plist */ = {isa = PBXFileReference; lastKnownFileType = text.plist.xml; path = Info.plist; sourceTree = "<group>"; };
		82CCB80A21E790E500E02D3B /* Tabled-Questions.txt */ = {isa = PBXFileReference; fileEncoding = 4; lastKnownFileType = text; path = "Tabled-Questions.txt"; sourceTree = "<group>"; };
		82CCB81021E7974C00E02D3B /* ViewController.swift */ = {isa = PBXFileReference; lastKnownFileType = sourcecode.swift; path = ViewController.swift; sourceTree = "<group>"; };
		82CCB81321E79A1100E02D3B /* Model.swift */ = {isa = PBXFileReference; lastKnownFileType = sourcecode.swift; path = Model.swift; sourceTree = "<group>"; };
/* End PBXFileReference section */

/* Begin PBXFrameworksBuildPhase section */
		82CCB7F221E790AC00E02D3B /* Frameworks */ = {
			isa = PBXFrameworksBuildPhase;
			buildActionMask = 2147483647;
			files = (
			);
			runOnlyForDeploymentPostprocessing = 0;
		};
/* End PBXFrameworksBuildPhase section */

/* Begin PBXGroup section */
		82CCB7EC21E790AC00E02D3B = {
			isa = PBXGroup;
			children = (
				82CCB7F721E790AC00E02D3B /* Tabled */,
				82CCB7F621E790AC00E02D3B /* Products */,
			);
			sourceTree = "<group>";
		};
		82CCB7F621E790AC00E02D3B /* Products */ = {
			isa = PBXGroup;
			children = (
				82CCB7F521E790AC00E02D3B /* Tabled.app */,
			);
			name = Products;
			sourceTree = "<group>";
		};
		82CCB7F721E790AC00E02D3B /* Tabled */ = {
			isa = PBXGroup;
			children = (
				82CCB81521E79A1D00E02D3B /* Model */,
				82CCB81221E7975000E02D3B /* View Controller */,
				82CCB80F21E791A200E02D3B /* Storyboards */,
				82CCB80E21E7919900E02D3B /* Resources */,
				82CCB80A21E790E500E02D3B /* Tabled-Questions.txt */,
			);
			path = Tabled;
			sourceTree = "<group>";
		};
		82CCB80E21E7919900E02D3B /* Resources */ = {
			isa = PBXGroup;
			children = (
				82CCB7F821E790AC00E02D3B /* AppDelegate.swift */,
				82CCB7FF21E790AD00E02D3B /* Assets.xcassets */,
				82CCB80421E790AD00E02D3B /* Info.plist */,
			);
			path = Resources;
			sourceTree = "<group>";
		};
		82CCB80F21E791A200E02D3B /* Storyboards */ = {
			isa = PBXGroup;
			children = (
				82CCB7FC21E790AD00E02D3B /* Main.storyboard */,
				82CCB80121E790AD00E02D3B /* LaunchScreen.storyboard */,
			);
			path = Storyboards;
			sourceTree = "<group>";
		};
		82CCB81221E7975000E02D3B /* View Controller */ = {
			isa = PBXGroup;
			children = (
				82CCB81021E7974C00E02D3B /* ViewController.swift */,
			);
			path = "View Controller";
			sourceTree = "<group>";
		};
		82CCB81521E79A1D00E02D3B /* Model */ = {
			isa = PBXGroup;
			children = (
				82CCB81321E79A1100E02D3B /* Model.swift */,
			);
			path = Model;
			sourceTree = "<group>";
		};
/* End PBXGroup section */

/* Begin PBXNativeTarget section */
		82CCB7F421E790AC00E02D3B /* Tabled */ = {
			isa = PBXNativeTarget;
			buildConfigurationList = 82CCB80721E790AD00E02D3B /* Build configuration list for PBXNativeTarget "Tabled" */;
			buildPhases = (
				82CCB7F121E790AC00E02D3B /* Sources */,
				82CCB7F221E790AC00E02D3B /* Frameworks */,
				82CCB7F321E790AC00E02D3B /* Resources */,
			);
			buildRules = (
			);
			dependencies = (
			);
			name = Tabled;
			productName = Tabled;
			productReference = 82CCB7F521E790AC00E02D3B /* Tabled.app */;
			productType = "com.apple.product-type.application";
		};
/* End PBXNativeTarget section */

/* Begin PBXProject section */
		82CCB7ED21E790AC00E02D3B /* Project object */ = {
			isa = PBXProject;
			attributes = {
				LastSwiftUpdateCheck = 1010;
				LastUpgradeCheck = 1010;
				ORGANIZATIONNAME = "Lambda School";
				TargetAttributes = {
					82CCB7F421E790AC00E02D3B = {
						CreatedOnToolsVersion = 10.1;
					};
				};
			};
			buildConfigurationList = 82CCB7F021E790AC00E02D3B /* Build configuration list for PBXProject "Tabled" */;
			compatibilityVersion = "Xcode 9.3";
			developmentRegion = en;
			hasScannedForEncodings = 0;
			knownRegions = (
				en,
				Base,
			);
			mainGroup = 82CCB7EC21E790AC00E02D3B;
			productRefGroup = 82CCB7F621E790AC00E02D3B /* Products */;
			projectDirPath = "";
			projectRoot = "";
			targets = (
				82CCB7F421E790AC00E02D3B /* Tabled */,
			);
		};
/* End PBXProject section */

/* Begin PBXResourcesBuildPhase section */
		82CCB7F321E790AC00E02D3B /* Resources */ = {
			isa = PBXResourcesBuildPhase;
			buildActionMask = 2147483647;
			files = (
				82CCB80321E790AD00E02D3B /* LaunchScreen.storyboard in Resources */,
				82CCB80021E790AD00E02D3B /* Assets.xcassets in Resources */,
				82CCB80B21E790E500E02D3B /* Tabled-Questions.txt in Resources */,
				82CCB7FE21E790AD00E02D3B /* Main.storyboard in Resources */,
			);
			runOnlyForDeploymentPostprocessing = 0;
		};
/* End PBXResourcesBuildPhase section */

/* Begin PBXSourcesBuildPhase section */
		82CCB7F121E790AC00E02D3B /* Sources */ = {
			isa = PBXSourcesBuildPhase;
			buildActionMask = 2147483647;
			files = (
				82CCB81421E79A1100E02D3B /* Model.swift in Sources */,
				82CCB81121E7974C00E02D3B /* ViewController.swift in Sources */,
				82CCB7F921E790AC00E02D3B /* AppDelegate.swift in Sources */,
			);
			runOnlyForDeploymentPostprocessing = 0;
		};
/* End PBXSourcesBuildPhase section */

/* Begin PBXVariantGroup section */
		82CCB7FC21E790AD00E02D3B /* Main.storyboard */ = {
			isa = PBXVariantGroup;
			children = (
				82CCB7FD21E790AD00E02D3B /* Base */,
			);
			name = Main.storyboard;
			sourceTree = "<group>";
		};
		82CCB80121E790AD00E02D3B /* LaunchScreen.storyboard */ = {
			isa = PBXVariantGroup;
			children = (
				82CCB80221E790AD00E02D3B /* Base */,
			);
			name = LaunchScreen.storyboard;
			sourceTree = "<group>";
		};
/* End PBXVariantGroup section */

/* Begin XCBuildConfiguration section */
		82CCB80521E790AD00E02D3B /* Debug */ = {
			isa = XCBuildConfiguration;
			buildSettings = {
				ALWAYS_SEARCH_USER_PATHS = NO;
				CLANG_ANALYZER_NONNULL = YES;
				CLANG_ANALYZER_NUMBER_OBJECT_CONVERSION = YES_AGGRESSIVE;
				CLANG_CXX_LANGUAGE_STANDARD = "gnu++14";
				CLANG_CXX_LIBRARY = "libc++";
				CLANG_ENABLE_MODULES = YES;
				CLANG_ENABLE_OBJC_ARC = YES;
				CLANG_ENABLE_OBJC_WEAK = YES;
				CLANG_WARN_BLOCK_CAPTURE_AUTORELEASING = YES;
				CLANG_WARN_BOOL_CONVERSION = YES;
				CLANG_WARN_COMMA = YES;
				CLANG_WARN_CONSTANT_CONVERSION = YES;
				CLANG_WARN_DEPRECATED_OBJC_IMPLEMENTATIONS = YES;
				CLANG_WARN_DIRECT_OBJC_ISA_USAGE = YES_ERROR;
				CLANG_WARN_DOCUMENTATION_COMMENTS = YES;
				CLANG_WARN_EMPTY_BODY = YES;
				CLANG_WARN_ENUM_CONVERSION = YES;
				CLANG_WARN_INFINITE_RECURSION = YES;
				CLANG_WARN_INT_CONVERSION = YES;
				CLANG_WARN_NON_LITERAL_NULL_CONVERSION = YES;
				CLANG_WARN_OBJC_IMPLICIT_RETAIN_SELF = YES;
				CLANG_WARN_OBJC_LITERAL_CONVERSION = YES;
				CLANG_WARN_OBJC_ROOT_CLASS = YES_ERROR;
				CLANG_WARN_RANGE_LOOP_ANALYSIS = YES;
				CLANG_WARN_STRICT_PROTOTYPES = YES;
				CLANG_WARN_SUSPICIOUS_MOVE = YES;
				CLANG_WARN_UNGUARDED_AVAILABILITY = YES_AGGRESSIVE;
				CLANG_WARN_UNREACHABLE_CODE = YES;
				CLANG_WARN__DUPLICATE_METHOD_MATCH = YES;
				CODE_SIGN_IDENTITY = "iPhone Developer";
				COPY_PHASE_STRIP = NO;
				DEBUG_INFORMATION_FORMAT = dwarf;
				ENABLE_STRICT_OBJC_MSGSEND = YES;
				ENABLE_TESTABILITY = YES;
				GCC_C_LANGUAGE_STANDARD = gnu11;
				GCC_DYNAMIC_NO_PIC = NO;
				GCC_NO_COMMON_BLOCKS = YES;
				GCC_OPTIMIZATION_LEVEL = 0;
				GCC_PREPROCESSOR_DEFINITIONS = (
					"DEBUG=1",
					"$(inherited)",
				);
				GCC_WARN_64_TO_32_BIT_CONVERSION = YES;
				GCC_WARN_ABOUT_RETURN_TYPE = YES_ERROR;
				GCC_WARN_UNDECLARED_SELECTOR = YES;
				GCC_WARN_UNINITIALIZED_AUTOS = YES_AGGRESSIVE;
				GCC_WARN_UNUSED_FUNCTION = YES;
				GCC_WARN_UNUSED_VARIABLE = YES;
				IPHONEOS_DEPLOYMENT_TARGET = 12.1;
				MTL_ENABLE_DEBUG_INFO = INCLUDE_SOURCE;
				MTL_FAST_MATH = YES;
				ONLY_ACTIVE_ARCH = YES;
				SDKROOT = iphoneos;
				SWIFT_ACTIVE_COMPILATION_CONDITIONS = DEBUG;
				SWIFT_OPTIMIZATION_LEVEL = "-Onone";
			};
			name = Debug;
		};
		82CCB80621E790AD00E02D3B /* Release */ = {
			isa = XCBuildConfiguration;
			buildSettings = {
				ALWAYS_SEARCH_USER_PATHS = NO;
				CLANG_ANALYZER_NONNULL = YES;
				CLANG_ANALYZER_NUMBER_OBJECT_CONVERSION = YES_AGGRESSIVE;
				CLANG_CXX_LANGUAGE_STANDARD = "gnu++14";
				CLANG_CXX_LIBRARY = "libc++";
				CLANG_ENABLE_MODULES = YES;
				CLANG_ENABLE_OBJC_ARC = YES;
				CLANG_ENABLE_OBJC_WEAK = YES;
				CLANG_WARN_BLOCK_CAPTURE_AUTORELEASING = YES;
				CLANG_WARN_BOOL_CONVERSION = YES;
				CLANG_WARN_COMMA = YES;
				CLANG_WARN_CONSTANT_CONVERSION = YES;
				CLANG_WARN_DEPRECATED_OBJC_IMPLEMENTATIONS = YES;
				CLANG_WARN_DIRECT_OBJC_ISA_USAGE = YES_ERROR;
				CLANG_WARN_DOCUMENTATION_COMMENTS = YES;
				CLANG_WARN_EMPTY_BODY = YES;
				CLANG_WARN_ENUM_CONVERSION = YES;
				CLANG_WARN_INFINITE_RECURSION = YES;
				CLANG_WARN_INT_CONVERSION = YES;
				CLANG_WARN_NON_LITERAL_NULL_CONVERSION = YES;
				CLANG_WARN_OBJC_IMPLICIT_RETAIN_SELF = YES;
				CLANG_WARN_OBJC_LITERAL_CONVERSION = YES;
				CLANG_WARN_OBJC_ROOT_CLASS = YES_ERROR;
				CLANG_WARN_RANGE_LOOP_ANALYSIS = YES;
				CLANG_WARN_STRICT_PROTOTYPES = YES;
				CLANG_WARN_SUSPICIOUS_MOVE = YES;
				CLANG_WARN_UNGUARDED_AVAILABILITY = YES_AGGRESSIVE;
				CLANG_WARN_UNREACHABLE_CODE = YES;
				CLANG_WARN__DUPLICATE_METHOD_MATCH = YES;
				CODE_SIGN_IDENTITY = "iPhone Developer";
				COPY_PHASE_STRIP = NO;
				DEBUG_INFORMATION_FORMAT = "dwarf-with-dsym";
				ENABLE_NS_ASSERTIONS = NO;
				ENABLE_STRICT_OBJC_MSGSEND = YES;
				GCC_C_LANGUAGE_STANDARD = gnu11;
				GCC_NO_COMMON_BLOCKS = YES;
				GCC_WARN_64_TO_32_BIT_CONVERSION = YES;
				GCC_WARN_ABOUT_RETURN_TYPE = YES_ERROR;
				GCC_WARN_UNDECLARED_SELECTOR = YES;
				GCC_WARN_UNINITIALIZED_AUTOS = YES_AGGRESSIVE;
				GCC_WARN_UNUSED_FUNCTION = YES;
				GCC_WARN_UNUSED_VARIABLE = YES;
				IPHONEOS_DEPLOYMENT_TARGET = 12.1;
				MTL_ENABLE_DEBUG_INFO = NO;
				MTL_FAST_MATH = YES;
				SDKROOT = iphoneos;
				SWIFT_COMPILATION_MODE = wholemodule;
				SWIFT_OPTIMIZATION_LEVEL = "-O";
				VALIDATE_PRODUCT = YES;
			};
			name = Release;
		};
		82CCB80821E790AD00E02D3B /* Debug */ = {
			isa = XCBuildConfiguration;
			buildSettings = {
				ASSETCATALOG_COMPILER_APPICON_NAME = AppIcon;
				CODE_SIGN_STYLE = Automatic;
				INFOPLIST_FILE = "$(SRCROOT)/Tabled/Resources/Info.plist";
				LD_RUNPATH_SEARCH_PATHS = (
					"$(inherited)",
					"@executable_path/Frameworks",
				);
				PRODUCT_BUNDLE_IDENTIFIER = com.lambdaschool.Tabled;
				PRODUCT_NAME = "$(TARGET_NAME)";
				SWIFT_VERSION = 4.2;
				TARGETED_DEVICE_FAMILY = "1,2";
			};
			name = Debug;
		};
		82CCB80921E790AD00E02D3B /* Release */ = {
			isa = XCBuildConfiguration;
			buildSettings = {
				ASSETCATALOG_COMPILER_APPICON_NAME = AppIcon;
				CODE_SIGN_STYLE = Automatic;
				INFOPLIST_FILE = "$(SRCROOT)/Tabled/Resources/Info.plist";
				LD_RUNPATH_SEARCH_PATHS = (
					"$(inherited)",
					"@executable_path/Frameworks",
				);
				PRODUCT_BUNDLE_IDENTIFIER = com.lambdaschool.Tabled;
				PRODUCT_NAME = "$(TARGET_NAME)";
				SWIFT_VERSION = 4.2;
				TARGETED_DEVICE_FAMILY = "1,2";
			};
			name = Release;
		};
/* End XCBuildConfiguration section */

/* Begin XCConfigurationList section */
		82CCB7F021E790AC00E02D3B /* Build configuration list for PBXProject "Tabled" */ = {
			isa = XCConfigurationList;
			buildConfigurations = (
				82CCB80521E790AD00E02D3B /* Debug */,
				82CCB80621E790AD00E02D3B /* Release */,
			);
			defaultConfigurationIsVisible = 0;
			defaultConfigurationName = Release;
		};
		82CCB80721E790AD00E02D3B /* Build configuration list for PBXNativeTarget "Tabled" */ = {
			isa = XCConfigurationList;
			buildConfigurations = (
				82CCB80821E790AD00E02D3B /* Debug */,
				82CCB80921E790AD00E02D3B /* Release */,
			);
			defaultConfigurationIsVisible = 0;
			defaultConfigurationName = Release;
		};
/* End XCConfigurationList section */
	};
	rootObject = 82CCB7ED21E790AC00E02D3B /* Project object */;
}
